// !$*UTF8*$!
{
	archiveVersion = 1;
	classes = {
	};
	objectVersion = 48;
	objects = {

/* Begin PBXBuildFile section */
		749F79B32115A4A9005F0A6B /* AppDelegate.swift in Sources */ = {isa = PBXBuildFile; fileRef = 749F79B22115A4A9005F0A6B /* AppDelegate.swift */; };
		749F79B52115A4A9005F0A6B /* ViewController.swift in Sources */ = {isa = PBXBuildFile; fileRef = 749F79B42115A4A9005F0A6B /* ViewController.swift */; };
		749F79B82115A4A9005F0A6B /* Main.storyboard in Resources */ = {isa = PBXBuildFile; fileRef = 749F79B62115A4A9005F0A6B /* Main.storyboard */; };
		749F79BA2115A4A9005F0A6B /* Assets.xcassets in Resources */ = {isa = PBXBuildFile; fileRef = 749F79B92115A4A9005F0A6B /* Assets.xcassets */; };
		749F79BD2115A4A9005F0A6B /* LaunchScreen.storyboard in Resources */ = {isa = PBXBuildFile; fileRef = 749F79BB2115A4A9005F0A6B /* LaunchScreen.storyboard */; };
/* End PBXBuildFile section */

/* Begin PBXFileReference section */
		749F79AF2115A4A9005F0A6B /* DemoProjects.app */ = {isa = PBXFileReference; explicitFileType = wrapper.application; includeInIndex = 0; path = DemoProjects.app; sourceTree = BUILT_PRODUCTS_DIR; };
		749F79B22115A4A9005F0A6B /* AppDelegate.swift */ = {isa = PBXFileReference; lastKnownFileType = sourcecode.swift; path = AppDelegate.swift; sourceTree = "<group>"; };
		749F79B42115A4A9005F0A6B /* ViewController.swift */ = {isa = PBXFileReference; lastKnownFileType = sourcecode.swift; path = ViewController.swift; sourceTree = "<group>"; };
		749F79B72115A4A9005F0A6B /* Base */ = {isa = PBXFileReference; lastKnownFileType = file.storyboard; name = Base; path = Base.lproj/Main.storyboard; sourceTree = "<group>"; };
		749F79B92115A4A9005F0A6B /* Assets.xcassets */ = {isa = PBXFileReference; lastKnownFileType = folder.assetcatalog; path = Assets.xcassets; sourceTree = "<group>"; };
		749F79BC2115A4A9005F0A6B /* Base */ = {isa = PBXFileReference; lastKnownFileType = file.storyboard; name = Base; path = Base.lproj/LaunchScreen.storyboard; sourceTree = "<group>"; };
		749F79BE2115A4A9005F0A6B /* Info.plist */ = {isa = PBXFileReference; lastKnownFileType = text.plist.xml; path = Info.plist; sourceTree = "<group>"; };
/* End PBXFileReference section */

/* Begin PBXFrameworksBuildPhase section */
		749F79AC2115A4A9005F0A6B /* Frameworks */ = {
			isa = PBXFrameworksBuildPhase;
			buildActionMask = 2147483647;
			files = (
			);
			runOnlyForDeploymentPostprocessing = 0;
		};
/* End PBXFrameworksBuildPhase section */

/* Begin PBXGroup section */
		749F79A62115A4A9005F0A6B = {
			isa = PBXGroup;
			children = (
				749F79B12115A4A9005F0A6B /* DemoProjects */,
				749F79B02115A4A9005F0A6B /* Products */,
			);
			sourceTree = "<group>";
		};
		749F79B02115A4A9005F0A6B /* Products */ = {
			isa = PBXGroup;
			children = (
				749F79AF2115A4A9005F0A6B /* DemoProjects.app */,
			);
			name = Products;
			sourceTree = "<group>";
		};
		749F79B12115A4A9005F0A6B /* DemoProjects */ = {
			isa = PBXGroup;
			children = (
				749F79B22115A4A9005F0A6B /* AppDelegate.swift */,
				749F79B42115A4A9005F0A6B /* ViewController.swift */,
				749F79B62115A4A9005F0A6B /* Main.storyboard */,
				749F79B92115A4A9005F0A6B /* Assets.xcassets */,
				749F79BB2115A4A9005F0A6B /* LaunchScreen.storyboard */,
				749F79BE2115A4A9005F0A6B /* Info.plist */,
			);
			path = DemoProjects;
			sourceTree = "<group>";
		};
/* End PBXGroup section */

/* Begin PBXNativeTarget section */
		749F79AE2115A4A9005F0A6B /* DemoProjects */ = {
			isa = PBXNativeTarget;
			buildConfigurationList = 749F79C12115A4A9005F0A6B /* Build configuration list for PBXNativeTarget "DemoProjects" */;
			buildPhases = (
				749F79AB2115A4A9005F0A6B /* Sources */,
				749F79AC2115A4A9005F0A6B /* Frameworks */,
				749F79AD2115A4A9005F0A6B /* Resources */,
			);
			buildRules = (
			);
			dependencies = (
			);
			name = DemoProjects;
			productName = DemoProjects;
			productReference = 749F79AF2115A4A9005F0A6B /* DemoProjects.app */;
			productType = "com.apple.product-type.application";
		};
/* End PBXNativeTarget section */

/* Begin PBXProject section */
		749F79A72115A4A9005F0A6B /* Project object */ = {
			isa = PBXProject;
			attributes = {
				LastSwiftUpdateCheck = 0920;
				LastUpgradeCheck = 0920;
				ORGANIZATIONNAME = "Chetan Rajauria";
				TargetAttributes = {
					749F79AE2115A4A9005F0A6B = {
						CreatedOnToolsVersion = 9.2;
						ProvisioningStyle = Automatic;
					};
				};
			};
			buildConfigurationList = 749F79AA2115A4A9005F0A6B /* Build configuration list for PBXProject "DemoProjects" */;
			compatibilityVersion = "Xcode 8.0";
			developmentRegion = en;
			hasScannedForEncodings = 0;
			knownRegions = (
				en,
				Base,
			);
			mainGroup = 749F79A62115A4A9005F0A6B;
			productRefGroup = 749F79B02115A4A9005F0A6B /* Products */;
			projectDirPath = "";
			projectRoot = "";
			targets = (
				749F79AE2115A4A9005F0A6B /* DemoProjects */,
			);
		};
/* End PBXProject section */

/* Begin PBXResourcesBuildPhase section */
		749F79AD2115A4A9005F0A6B /* Resources */ = {
			isa = PBXResourcesBuildPhase;
			buildActionMask = 2147483647;
			files = (
				749F79BD2115A4A9005F0A6B /* LaunchScreen.storyboard in Resources */,
				749F79BA2115A4A9005F0A6B /* Assets.xcassets in Resources */,
				749F79B82115A4A9005F0A6B /* Main.storyboard in Resources */,
			);
			runOnlyForDeploymentPostprocessing = 0;
		};
/* End PBXResourcesBuildPhase section */

/* Begin PBXSourcesBuildPhase section */
		749F79AB2115A4A9005F0A6B /* Sources */ = {
			isa = PBXSourcesBuildPhase;
			buildActionMask = 2147483647;
			files = (
				749F79B52115A4A9005F0A6B /* ViewController.swift in Sources */,
				749F79B32115A4A9005F0A6B /* AppDelegate.swift in Sources */,
			);
			runOnlyForDeploymentPostprocessing = 0;
		};
/* End PBXSourcesBuildPhase section */

/* Begin PBXVariantGroup section */
		749F79B62115A4A9005F0A6B /* Main.storyboard */ = {
			isa = PBXVariantGroup;
			children = (
				749F79B72115A4A9005F0A6B /* Base */,
			);
			name = Main.storyboard;
			sourceTree = "<group>";
		};
		749F79BB2115A4A9005F0A6B /* LaunchScreen.storyboard */ = {
			isa = PBXVariantGroup;
			children = (
				749F79BC2115A4A9005F0A6B /* Base */,
			);
			name = LaunchScreen.storyboard;
			sourceTree = "<group>";
		};
/* End PBXVariantGroup section */

/* Begin XCBuildConfiguration section */
		749F79BF2115A4A9005F0A6B /* Debug */ = {
			isa = XCBuildConfiguration;
			buildSettings = {
				ALWAYS_SEARCH_USER_PATHS = NO;
				CLANG_ANALYZER_NONNULL = YES;
				CLANG_ANALYZER_NUMBER_OBJECT_CONVERSION = YES_AGGRESSIVE;
				CLANG_CXX_LANGUAGE_STANDARD = "gnu++14";
				CLANG_CXX_LIBRARY = "libc++";
				CLANG_ENABLE_MODULES = YES;
				CLANG_ENABLE_OBJC_ARC = YES;
				CLANG_WARN_BLOCK_CAPTURE_AUTORELEASING = YES;
				CLANG_WARN_BOOL_CONVERSION = YES;
				CLANG_WARN_COMMA = YES;
				CLANG_WARN_CONSTANT_CONVERSION = YES;
				CLANG_WARN_DIRECT_OBJC_ISA_USAGE = YES_ERROR;
				CLANG_WARN_DOCUMENTATION_COMMENTS = YES;
				CLANG_WARN_EMPTY_BODY = YES;
				CLANG_WARN_ENUM_CONVERSION = YES;
				CLANG_WARN_INFINITE_RECURSION = YES;
				CLANG_WARN_INT_CONVERSION = YES;
				CLANG_WARN_NON_LITERAL_NULL_CONVERSION = YES;
				CLANG_WARN_OBJC_LITERAL_CONVERSION = YES;
				CLANG_WARN_OBJC_ROOT_CLASS = YES_ERROR;
				CLANG_WARN_RANGE_LOOP_ANALYSIS = YES;
				CLANG_WARN_STRICT_PROTOTYPES = YES;
				CLANG_WARN_SUSPICIOUS_MOVE = YES;
				CLANG_WARN_UNGUARDED_AVAILABILITY = YES_AGGRESSIVE;
				CLANG_WARN_UNREACHABLE_CODE = YES;
				CLANG_WARN__DUPLICATE_METHOD_MATCH = YES;
				CODE_SIGN_IDENTITY = "iPhone Developer";
				COPY_PHASE_STRIP = NO;
				DEBUG_INFORMATION_FORMAT = dwarf;
				ENABLE_STRICT_OBJC_MSGSEND = YES;
				ENABLE_TESTABILITY = YES;
				GCC_C_LANGUAGE_STANDARD = gnu11;
				GCC_DYNAMIC_NO_PIC = NO;
				GCC_NO_COMMON_BLOCKS = YES;
				GCC_OPTIMIZATION_LEVEL = 0;
				GCC_PREPROCESSOR_DEFINITIONS = (
					"DEBUG=1",
					"$(inherited)",
				);
				GCC_WARN_64_TO_32_BIT_CONVERSION = YES;
				GCC_WARN_ABOUT_RETURN_TYPE = YES_ERROR;
				GCC_WARN_UNDECLARED_SELECTOR = YES;
				GCC_WARN_UNINITIALIZED_AUTOS = YES_AGGRESSIVE;
				GCC_WARN_UNUSED_FUNCTION = YES;
				GCC_WARN_UNUSED_VARIABLE = YES;
				IPHONEOS_DEPLOYMENT_TARGET = 11.2;
				MTL_ENABLE_DEBUG_INFO = YES;
				ONLY_ACTIVE_ARCH = YES;
				SDKROOT = iphoneos;
				SWIFT_ACTIVE_COMPILATION_CONDITIONS = DEBUG;
				SWIFT_OPTIMIZATION_LEVEL = "-Onone";
			};
			name = Debug;
		};
		749F79C02115A4A9005F0A6B /* Release */ = {
			isa = XCBuildConfiguration;
			buildSettings = {
				ALWAYS_SEARCH_USER_PATHS = NO;
				CLANG_ANALYZER_NONNULL = YES;
				CLANG_ANALYZER_NUMBER_OBJECT_CONVERSION = YES_AGGRESSIVE;
				CLANG_CXX_LANGUAGE_STANDARD = "gnu++14";
				CLANG_CXX_LIBRARY = "libc++";
				CLANG_ENABLE_MODULES = YES;
				CLANG_ENABLE_OBJC_ARC = YES;
				CLANG_WARN_BLOCK_CAPTURE_AUTORELEASING = YES;
				CLANG_WARN_BOOL_CONVERSION = YES;
				CLANG_WARN_COMMA = YES;
				CLANG_WARN_CONSTANT_CONVERSION = YES;
				CLANG_WARN_DIRECT_OBJC_ISA_USAGE = YES_ERROR;
				CLANG_WARN_DOCUMENTATION_COMMENTS = YES;
				CLANG_WARN_EMPTY_BODY = YES;
				CLANG_WARN_ENUM_CONVERSION = YES;
				CLANG_WARN_INFINITE_RECURSION = YES;
				CLANG_WARN_INT_CONVERSION = YES;
				CLANG_WARN_NON_LITERAL_NULL_CONVERSION = YES;
				CLANG_WARN_OBJC_LITERAL_CONVERSION = YES;
				CLANG_WARN_OBJC_ROOT_CLASS = YES_ERROR;
				CLANG_WARN_RANGE_LOOP_ANALYSIS = YES;
				CLANG_WARN_STRICT_PROTOTYPES = YES;
				CLANG_WARN_SUSPICIOUS_MOVE = YES;
				CLANG_WARN_UNGUARDED_AVAILABILITY = YES_AGGRESSIVE;
				CLANG_WARN_UNREACHABLE_CODE = YES;
				CLANG_WARN__DUPLICATE_METHOD_MATCH = YES;
				CODE_SIGN_IDENTITY = "iPhone Developer";
				COPY_PHASE_STRIP = NO;
				DEBUG_INFORMATION_FORMAT = "dwarf-with-dsym";
				ENABLE_NS_ASSERTIONS = NO;
				ENABLE_STRICT_OBJC_MSGSEND = YES;
				GCC_C_LANGUAGE_STANDARD = gnu11;
				GCC_NO_COMMON_BLOCKS = YES;
				GCC_WARN_64_TO_32_BIT_CONVERSION = YES;
				GCC_WARN_ABOUT_RETURN_TYPE = YES_ERROR;
				GCC_WARN_UNDECLARED_SELECTOR = YES;
				GCC_WARN_UNINITIALIZED_AUTOS = YES_AGGRESSIVE;
				GCC_WARN_UNUSED_FUNCTION = YES;
				GCC_WARN_UNUSED_VARIABLE = YES;
				IPHONEOS_DEPLOYMENT_TARGET = 11.2;
				MTL_ENABLE_DEBUG_INFO = NO;
				SDKROOT = iphoneos;
				SWIFT_OPTIMIZATION_LEVEL = "-Owholemodule";
				VALIDATE_PRODUCT = YES;
			};
			name = Release;
		};
		749F79C22115A4A9005F0A6B /* Debug */ = {
			isa = XCBuildConfiguration;
			buildSettings = {
				ASSETCATALOG_COMPILER_APPICON_NAME = AppIcon;
				CODE_SIGN_STYLE = Automatic;
				DEVELOPMENT_TEAM = 5T2NF5GC32;
				INFOPLIST_FILE = DemoProjects/Info.plist;
				LD_RUNPATH_SEARCH_PATHS = "$(inherited) @executable_path/Frameworks";
				PRODUCT_BUNDLE_IDENTIFIER = "Yugasa-Software-Labs.DemoProjects";
				PRODUCT_NAME = "$(TARGET_NAME)";
				SWIFT_VERSION = 4.0;
				TARGETED_DEVICE_FAMILY = "1,2";
			};
			name = Debug;
		};
		749F79C32115A4A9005F0A6B /* Release */ = {
			isa = XCBuildConfiguration;
			buildSettings = {
				ASSETCATALOG_COMPILER_APPICON_NAME = AppIcon;
				CODE_SIGN_STYLE = Automatic;
				DEVELOPMENT_TEAM = 5T2NF5GC32;
				INFOPLIST_FILE = DemoProjects/Info.plist;
				LD_RUNPATH_SEARCH_PATHS = "$(inherited) @executable_path/Frameworks";
				PRODUCT_BUNDLE_IDENTIFIER = "Yugasa-Software-Labs.DemoProjects";
				PRODUCT_NAME = "$(TARGET_NAME)";
				SWIFT_VERSION = 4.0;
				TARGETED_DEVICE_FAMILY = "1,2";
			};
			name = Release;
		};
/* End XCBuildConfiguration section */

/* Begin XCConfigurationList section */
		749F79AA2115A4A9005F0A6B /* Build configuration list for PBXProject "DemoProjects" */ = {
			isa = XCConfigurationList;
			buildConfigurations = (
				749F79BF2115A4A9005F0A6B /* Debug */,
				749F79C02115A4A9005F0A6B /* Release */,
			);
			defaultConfigurationIsVisible = 0;
			defaultConfigurationName = Release;
		};
		749F79C12115A4A9005F0A6B /* Build configuration list for PBXNativeTarget "DemoProjects" */ = {
			isa = XCConfigurationList;
			buildConfigurations = (
				749F79C22115A4A9005F0A6B /* Debug */,
				749F79C32115A4A9005F0A6B /* Release */,
			);
			defaultConfigurationIsVisible = 0;
			defaultConfigurationName = Release;
		};
/* End XCConfigurationList section */
	};
	rootObject = 749F79A72115A4A9005F0A6B /* Project object */;
}
